
Microsoft Visual Studio Solution File, Format Version 12.00
# Visual Studio Version 17
VisualStudioVersion = 17.14.36127.28 d17.14
MinimumVisualStudioVersion = 10.0.40219.1
Project("{FAE04EC0-301F-11D3-BF4B-00C04F79EFBC}") = "desktop-journal", "desktop-journal.csproj", "{15688CE0-EFF4-44EE-870D-E3D68F25AFA3}"
EndProject
Global
	GlobalSection(SolutionConfigurationPlatforms) = preSolution
		Debug|Any CPU = Debug|Any CPU
		Release|Any CPU = Release|Any CPU
	EndGlobalSection
	GlobalSection(ProjectConfigurationPlatforms) = postSolution
		{15688CE0-EFF4-44EE-870D-E3D68F25AFA3}.Debug|Any CPU.ActiveCfg = Debug|Any CPU
		{15688CE0-EFF4-44EE-870D-E3D68F25AFA3}.Debug|Any CPU.Build.0 = Debug|Any CPU
		{15688CE0-EFF4-44EE-870D-E3D68F25AFA3}.Release|Any CPU.ActiveCfg = Release|Any CPU
		{15688CE0-EFF4-44EE-870D-E3D68F25AFA3}.Release|Any CPU.Build.0 = Release|Any CPU
	EndGlobalSection
	GlobalSection(SolutionProperties) = preSolution
		HideSolutionNode = FALSE
	EndGlobalSection
	GlobalSection(ExtensibilityGlobals) = postSolution
		SolutionGuid = {877AC2BC-28E1-4E91-A8E3-7E98020B1BB7}
	EndGlobalSection
EndGlobal
